{
  "name": "rehype-partials",
  "version": "1.0.0",
  "lockfileVersion": 1,
  "requires": true,
  "dependencies": {
    "bail": {
      "version": "1.0.3",
      "resolved": "https://registry.npmjs.org/bail/-/bail-1.0.3.tgz",
      "integrity": "sha512-1X8CnjFVQ+a+KW36uBNMTU5s8+v5FzeqrP7hTG5aTb4aPreSbZJlhwPon9VKMuEVgV++JM+SQrALY3kr7eswdg=="
    },
    "ccount": {
      "version": "1.0.3",
      "resolved": "https://registry.npmjs.org/ccount/-/ccount-1.0.3.tgz",
      "integrity": "sha512-Jt9tIBkRc9POUof7QA/VwWd+58fKkEEfI+/t1/eOlxKM7ZhrczNzMFefge7Ai+39y1pR/pP6cI19guHy3FSLmw=="
    },
    "comma-separated-tokens": {
      "version": "1.0.5",
      "resolved": "https://registry.npmjs.org/comma-separated-tokens/-/comma-separated-tokens-1.0.5.tgz",
      "integrity": "sha512-Cg90/fcK93n0ecgYTAz1jaA3zvnQ0ExlmKY1rdbyHqAx6BHxwoJc+J7HDu0iuQ7ixEs1qaa+WyQ6oeuBpYP1iA==",
      "requires": {
        "trim": "0.0.1"
      }
    },
    "extend": {
      "version": "3.0.2",
      "resolved": "https://registry.npmjs.org/extend/-/extend-3.0.2.tgz",
      "integrity": "sha512-fjquC59cD7CyW6urNXK0FBufkZcoiGG80wTuPujX590cB5Ttln20E2UB4S/WARVqhXffZl2LNgS+gQdPIIim/g=="
    },
    "hast-util-from-parse5": {
      "version": "4.0.2",
      "resolved": "https://registry.npmjs.org/hast-util-from-parse5/-/hast-util-from-parse5-4.0.2.tgz",
      "integrity": "sha512-I6dtjsGtDqz4fmGSiFClFyiXdKhj5bPceS6intta7k/VDuiKz9P61C6hO6WMiNNmEm1b/EtBH8f+juvz4o0uwQ==",
      "requires": {
        "ccount": "^1.0.3",
        "hastscript": "^4.0.0",
        "property-information": "^4.0.0",
        "web-namespaces": "^1.1.2",
        "xtend": "^4.0.1"
      }
    },
    "hast-util-parse-selector": {
      "version": "2.2.0",
      "resolved": "https://registry.npmjs.org/hast-util-parse-selector/-/hast-util-parse-selector-2.2.0.tgz",
      "integrity": "sha512-trw0pqZN7+sH9k7hPWCJNZUbWW2KroSIM/XpIy3G5ZMtx9LSabCyoSp4skJZ4q/eZ5UOBPtvWh4W9c+RE3HRoQ=="
    },
    "hastscript": {
      "version": "4.0.0",
      "resolved": "https://registry.npmjs.org/hastscript/-/hastscript-4.0.0.tgz",
      "integrity": "sha512-zrN3fborQZT6+DJZOCKpeafzYIjs3y4ymzHGExBmUFSqwjqrRbH8DYDDbPsNLkVW0YDvoKdQ1c6wMLcZuoZDmg==",
      "requires": {
        "comma-separated-tokens": "^1.0.0",
        "hast-util-parse-selector": "^2.2.0",
        "property-information": "^4.0.0",
        "space-separated-tokens": "^1.0.0"
      }
    },
    "is-buffer": {
      "version": "2.0.3",
      "resolved": "https://registry.npmjs.org/is-buffer/-/is-buffer-2.0.3.tgz",
      "integrity": "sha512-U15Q7MXTuZlrbymiz95PJpZxu8IlipAp4dtS3wOdgPXx3mqBnslrWU14kxfHB+Py/+2PVKSr37dMAgM2A4uArw=="
    },
    "is-plain-obj": {
      "version": "1.1.0",
      "resolved": "https://registry.npmjs.org/is-plain-obj/-/is-plain-obj-1.1.0.tgz",
      "integrity": "sha1-caUMhCnfync8kqOQpKA7OfzVHT4="
    },
    "parse5": {
      "version": "5.1.0",
      "resolved": "https://registry.npmjs.org/parse5/-/parse5-5.1.0.tgz",
      "integrity": "sha512-fxNG2sQjHvlVAYmzBZS9YlDp6PTSSDwa98vkD4QgVDDCAo84z5X1t5XyJQ62ImdLXx5NdIIfihey6xpum9/gRQ=="
    },
    "property-information": {
      "version": "4.2.0",
      "resolved": "https://registry.npmjs.org/property-information/-/property-information-4.2.0.tgz",
      "integrity": "sha512-TlgDPagHh+eBKOnH2VYvk8qbwsCG/TAJdmTL7f1PROUcSO8qt/KSmShEQ/OKvock8X9tFjtqjCScyOkkkvIKVQ==",
      "requires": {
        "xtend": "^4.0.1"
      }
    },
    "rehype-parse": {
      "version": "5.0.0",
      "resolved": "https://registry.npmjs.org/rehype-parse/-/rehype-parse-5.0.0.tgz",
      "integrity": "sha512-nv/i5olqfyhxu/LS89zHiMdDiHtRfxsXDAe/cC6covBYIiGVnX2xbU59H23deoeSVgORtaLvHNr6sekldmca6w==",
      "requires": {
        "hast-util-from-parse5": "^4.0.0",
        "parse5": "^5.0.0",
        "xtend": "^4.0.1"
      }
    },
    "replace-ext": {
      "version": "1.0.0",
      "resolved": "https://registry.npmjs.org/replace-ext/-/replace-ext-1.0.0.tgz",
      "integrity": "sha1-3mMSg3P8v3w8z6TeWkgMRaZ5WOs="
    },
    "space-separated-tokens": {
      "version": "1.1.2",
      "resolved": "https://registry.npmjs.org/space-separated-tokens/-/space-separated-tokens-1.1.2.tgz",
      "integrity": "sha512-G3jprCEw+xFEs0ORweLmblJ3XLymGGr6hxZYTYZjIlvDti9vOBUjRQa1Rzjt012aRrocKstHwdNi+F7HguPsEA==",
      "requires": {
        "trim": "0.0.1"
      }
    },
    "trim": {
      "version": "0.0.1",
      "resolved": "https://registry.npmjs.org/trim/-/trim-0.0.1.tgz",
      "integrity": "sha1-WFhUf2spB1fulczMZm+1AITEYN0="
    },
    "trough": {
      "version": "1.0.3",
      "resolved": "https://registry.npmjs.org/trough/-/trough-1.0.3.tgz",
      "integrity": "sha512-fwkLWH+DimvA4YCy+/nvJd61nWQQ2liO/nF/RjkTpiOGi+zxZzVkhb1mvbHIIW4b/8nDsYI8uTmAlc0nNkRMOw=="
    },
    "unified": {
      "version": "7.0.0",
      "resolved": "https://registry.npmjs.org/unified/-/unified-7.0.0.tgz",
      "integrity": "sha512-j+Sm7upmmt3RXPBeA+KFGYBlHBxClnby2DtxezFKwMfhWTAklY4WbEdhwRo6c6GpuHdi04YDsyPKY/kh5a/xnQ==",
      "requires": {
        "bail": "^1.0.0",
        "extend": "^3.0.0",
        "is-plain-obj": "^1.1.0",
        "trough": "^1.0.0",
        "vfile": "^3.0.0",
        "x-is-string": "^0.1.0"
      }
    },
    "unist-util-stringify-position": {
      "version": "1.1.2",
      "resolved": "https://registry.npmjs.org/unist-util-stringify-position/-/unist-util-stringify-position-1.1.2.tgz",
      "integrity": "sha512-pNCVrk64LZv1kElr0N1wPiHEUoXNVFERp+mlTg/s9R5Lwg87f9bM/3sQB99w+N9D/qnM9ar3+AKDBwo/gm/iQQ=="
    },
    "vfile": {
      "version": "3.0.0",
      "resolved": "https://registry.npmjs.org/vfile/-/vfile-3.0.0.tgz",
      "integrity": "sha512-X2DiPHL9Nxgfyu5DNVgtTkZtD4d4Zzf7rVBVI+uXP2pWWIQG8Ri+xAP9KdH/sB6SS0a1niWp5bRF88n4ciwhoA==",
      "requires": {
        "is-buffer": "^2.0.0",
        "replace-ext": "1.0.0",
        "unist-util-stringify-position": "^1.0.0",
        "vfile-message": "^1.0.0"
      }
    },
    "vfile-message": {
      "version": "1.0.1",
      "resolved": "https://registry.npmjs.org/vfile-message/-/vfile-message-1.0.1.tgz",
      "integrity": "sha512-vSGCkhNvJzO6VcWC6AlJW4NtYOVtS+RgCaqFIYUjoGIlHnFL+i0LbtYvonDWOMcB97uTPT4PRsyYY7REWC9vug==",
      "requires": {
        "unist-util-stringify-position": "^1.1.1"
      }
    },
    "web-namespaces": {
      "version": "1.1.2",
      "resolved": "https://registry.npmjs.org/web-namespaces/-/web-namespaces-1.1.2.tgz",
      "integrity": "sha512-II+n2ms4mPxK+RnIxRPOw3zwF2jRscdJIUE9BfkKHm4FYEg9+biIoTMnaZF5MpemE3T+VhMLrhbyD4ilkPCSbg=="
    },
    "x-is-string": {
      "version": "0.1.0",
      "resolved": "https://registry.npmjs.org/x-is-string/-/x-is-string-0.1.0.tgz",
      "integrity": "sha1-R0tQhlrzpJqcRlfwWs0UVFj3fYI="
    },
    "xtend": {
      "version": "4.0.1",
      "resolved": "https://registry.npmjs.org/xtend/-/xtend-4.0.1.tgz",
      "integrity": "sha1-pcbVMr5lbiPbgg77lDofBJmNY68="
    }
  }
}
